
Microsoft Visual Studio Solution File, Format Version 12.00
# Visual Studio Version 17
VisualStudioVersion = 17.0.32126.317
MinimumVisualStudioVersion = 10.0.40219.1
Project("{9A19103F-16F7-4668-BE54-9A1E7A4F7556}") = "PE_Problem_4", "PE_Zadanie_3\PE_Problem_4.csproj", "{B8A2D6F0-4BF5-415E-BB34-4E601CCD9F82}"
EndProject
Global
	GlobalSection(SolutionConfigurationPlatforms) = preSolution
		Debug|Any CPU = Debug|Any CPU
		Release|Any CPU = Release|Any CPU
	EndGlobalSection
	GlobalSection(ProjectConfigurationPlatforms) = postSolution
		{B8A2D6F0-4BF5-415E-BB34-4E601CCD9F82}.Debug|Any CPU.ActiveCfg = Debug|Any CPU
		{B8A2D6F0-4BF5-415E-BB34-4E601CCD9F82}.Debug|Any CPU.Build.0 = Debug|Any CPU
		{B8A2D6F0-4BF5-415E-BB34-4E601CCD9F82}.Release|Any CPU.ActiveCfg = Release|Any CPU
		{B8A2D6F0-4BF5-415E-BB34-4E601CCD9F82}.Release|Any CPU.Build.0 = Release|Any CPU
	EndGlobalSection
	GlobalSection(SolutionProperties) = preSolution
		HideSolutionNode = FALSE
	EndGlobalSection
	GlobalSection(ExtensibilityGlobals) = postSolution
		SolutionGuid = {743594ED-BF28-4FD2-A238-5AFEE50A84A0}
	EndGlobalSection
EndGlobal
